
Microsoft Visual Studio Solution File, Format Version 12.00
# Visual Studio Version 16
VisualStudioVersion = 16.0.31112.23
MinimumVisualStudioVersion = 10.0.40219.1
Project("{FAE04EC0-301F-11D3-BF4B-00C04F79EFBC}") = "01.Ranking", "01.Ranking\01.Ranking.csproj", "{2591978D-4B6F-4D2A-8B39-E2547963496C}"
EndProject
Project("{FAE04EC0-301F-11D3-BF4B-00C04F79EFBC}") = "02.Judje", "02.Judje\02.Judje.csproj", "{69A652C5-98A7-4B0C-B6F4-D6C1BD230626}"
EndProject
Project("{FAE04EC0-301F-11D3-BF4B-00C04F79EFBC}") = "03.MobaChallenger", "03.MobaChallenger\03.MobaChallenger.csproj", "{8D7BEDD7-6AAE-42F9-8015-0EE0331486D8}"
EndProject
Project("{FAE04EC0-301F-11D3-BF4B-00C04F79EFBC}") = "04.Snowwhite", "04.Snowwhite\04.Snowwhite.csproj", "{CFDF870D-9E5C-4152-8B47-52DB16345872}"
EndProject
Project("{FAE04EC0-301F-11D3-BF4B-00C04F79EFBC}") = "05.DragonArny", "05.DragonArny\05.DragonArny.csproj", "{5BC0A786-6757-413A-B94B-B8B3B5138433}"
EndProject
Global
	GlobalSection(SolutionConfigurationPlatforms) = preSolution
		Debug|Any CPU = Debug|Any CPU
		Release|Any CPU = Release|Any CPU
	EndGlobalSection
	GlobalSection(ProjectConfigurationPlatforms) = postSolution
		{2591978D-4B6F-4D2A-8B39-E2547963496C}.Debug|Any CPU.ActiveCfg = Debug|Any CPU
		{2591978D-4B6F-4D2A-8B39-E2547963496C}.Debug|Any CPU.Build.0 = Debug|Any CPU
		{2591978D-4B6F-4D2A-8B39-E2547963496C}.Release|Any CPU.ActiveCfg = Release|Any CPU
		{2591978D-4B6F-4D2A-8B39-E2547963496C}.Release|Any CPU.Build.0 = Release|Any CPU
		{69A652C5-98A7-4B0C-B6F4-D6C1BD230626}.Debug|Any CPU.ActiveCfg = Debug|Any CPU
		{69A652C5-98A7-4B0C-B6F4-D6C1BD230626}.Debug|Any CPU.Build.0 = Debug|Any CPU
		{69A652C5-98A7-4B0C-B6F4-D6C1BD230626}.Release|Any CPU.ActiveCfg = Release|Any CPU
		{69A652C5-98A7-4B0C-B6F4-D6C1BD230626}.Release|Any CPU.Build.0 = Release|Any CPU
		{8D7BEDD7-6AAE-42F9-8015-0EE0331486D8}.Debug|Any CPU.ActiveCfg = Debug|Any CPU
		{8D7BEDD7-6AAE-42F9-8015-0EE0331486D8}.Debug|Any CPU.Build.0 = Debug|Any CPU
		{8D7BEDD7-6AAE-42F9-8015-0EE0331486D8}.Release|Any CPU.ActiveCfg = Release|Any CPU
		{8D7BEDD7-6AAE-42F9-8015-0EE0331486D8}.Release|Any CPU.Build.0 = Release|Any CPU
		{CFDF870D-9E5C-4152-8B47-52DB16345872}.Debug|Any CPU.ActiveCfg = Debug|Any CPU
		{CFDF870D-9E5C-4152-8B47-52DB16345872}.Debug|Any CPU.Build.0 = Debug|Any CPU
		{CFDF870D-9E5C-4152-8B47-52DB16345872}.Release|Any CPU.ActiveCfg = Release|Any CPU
		{CFDF870D-9E5C-4152-8B47-52DB16345872}.Release|Any CPU.Build.0 = Release|Any CPU
		{5BC0A786-6757-413A-B94B-B8B3B5138433}.Debug|Any CPU.ActiveCfg = Debug|Any CPU
		{5BC0A786-6757-413A-B94B-B8B3B5138433}.Debug|Any CPU.Build.0 = Debug|Any CPU
		{5BC0A786-6757-413A-B94B-B8B3B5138433}.Release|Any CPU.ActiveCfg = Release|Any CPU
		{5BC0A786-6757-413A-B94B-B8B3B5138433}.Release|Any CPU.Build.0 = Release|Any CPU
	EndGlobalSection
	GlobalSection(SolutionProperties) = preSolution
		HideSolutionNode = FALSE
	EndGlobalSection
	GlobalSection(ExtensibilityGlobals) = postSolution
		SolutionGuid = {46FC33AD-A606-4790-BC57-27962E43A1A7}
	EndGlobalSection
EndGlobal
