
Microsoft Visual Studio Solution File, Format Version 12.00
# Visual Studio Version 16
VisualStudioVersion = 16.0.31112.23
MinimumVisualStudioVersion = 10.0.40219.1
Project("{FAE04EC0-301F-11D3-BF4B-00C04F79EFBC}") = "01.ReverseStrings", "01.ReverseStrings\01.ReverseStrings.csproj", "{23019CA3-AB1D-4975-8BED-C2B004B59AEE}"
EndProject
Project("{FAE04EC0-301F-11D3-BF4B-00C04F79EFBC}") = "02.RepeatStrings", "02.RepeatStrings\02.RepeatStrings.csproj", "{73EF1DC2-70FC-4173-825E-3673CB137C62}"
EndProject
Project("{FAE04EC0-301F-11D3-BF4B-00C04F79EFBC}") = "03.Substring", "03.Substring\03.Substring.csproj", "{72BB3BF9-C74A-4B74-B977-570AB84B23C9}"
EndProject
Project("{FAE04EC0-301F-11D3-BF4B-00C04F79EFBC}") = "04.TextFilter", "04.TextFilter\04.TextFilter.csproj", "{2EB5E0CF-0E41-477F-90E7-63D28B8212DB}"
EndProject
Project("{FAE04EC0-301F-11D3-BF4B-00C04F79EFBC}") = "05.DigitsLettersAndOther", "05.DigitsLettersAndOther\05.DigitsLettersAndOther.csproj", "{E5B292FC-51EB-4B87-9A91-43A045720D5E}"
EndProject
Global
	GlobalSection(SolutionConfigurationPlatforms) = preSolution
		Debug|Any CPU = Debug|Any CPU
		Release|Any CPU = Release|Any CPU
	EndGlobalSection
	GlobalSection(ProjectConfigurationPlatforms) = postSolution
		{23019CA3-AB1D-4975-8BED-C2B004B59AEE}.Debug|Any CPU.ActiveCfg = Debug|Any CPU
		{23019CA3-AB1D-4975-8BED-C2B004B59AEE}.Debug|Any CPU.Build.0 = Debug|Any CPU
		{23019CA3-AB1D-4975-8BED-C2B004B59AEE}.Release|Any CPU.ActiveCfg = Release|Any CPU
		{23019CA3-AB1D-4975-8BED-C2B004B59AEE}.Release|Any CPU.Build.0 = Release|Any CPU
		{73EF1DC2-70FC-4173-825E-3673CB137C62}.Debug|Any CPU.ActiveCfg = Debug|Any CPU
		{73EF1DC2-70FC-4173-825E-3673CB137C62}.Debug|Any CPU.Build.0 = Debug|Any CPU
		{73EF1DC2-70FC-4173-825E-3673CB137C62}.Release|Any CPU.ActiveCfg = Release|Any CPU
		{73EF1DC2-70FC-4173-825E-3673CB137C62}.Release|Any CPU.Build.0 = Release|Any CPU
		{72BB3BF9-C74A-4B74-B977-570AB84B23C9}.Debug|Any CPU.ActiveCfg = Debug|Any CPU
		{72BB3BF9-C74A-4B74-B977-570AB84B23C9}.Debug|Any CPU.Build.0 = Debug|Any CPU
		{72BB3BF9-C74A-4B74-B977-570AB84B23C9}.Release|Any CPU.ActiveCfg = Release|Any CPU
		{72BB3BF9-C74A-4B74-B977-570AB84B23C9}.Release|Any CPU.Build.0 = Release|Any CPU
		{2EB5E0CF-0E41-477F-90E7-63D28B8212DB}.Debug|Any CPU.ActiveCfg = Debug|Any CPU
		{2EB5E0CF-0E41-477F-90E7-63D28B8212DB}.Debug|Any CPU.Build.0 = Debug|Any CPU
		{2EB5E0CF-0E41-477F-90E7-63D28B8212DB}.Release|Any CPU.ActiveCfg = Release|Any CPU
		{2EB5E0CF-0E41-477F-90E7-63D28B8212DB}.Release|Any CPU.Build.0 = Release|Any CPU
		{E5B292FC-51EB-4B87-9A91-43A045720D5E}.Debug|Any CPU.ActiveCfg = Debug|Any CPU
		{E5B292FC-51EB-4B87-9A91-43A045720D5E}.Debug|Any CPU.Build.0 = Debug|Any CPU
		{E5B292FC-51EB-4B87-9A91-43A045720D5E}.Release|Any CPU.ActiveCfg = Release|Any CPU
		{E5B292FC-51EB-4B87-9A91-43A045720D5E}.Release|Any CPU.Build.0 = Release|Any CPU
	EndGlobalSection
	GlobalSection(SolutionProperties) = preSolution
		HideSolutionNode = FALSE
	EndGlobalSection
	GlobalSection(ExtensibilityGlobals) = postSolution
		SolutionGuid = {15D75652-9F88-4E1C-86E4-0728B6E67449}
	EndGlobalSection
EndGlobal
